
Microsoft Visual Studio Solution File, Format Version 12.00
# Visual Studio 14
VisualStudioVersion = 14.0.25420.1
MinimumVisualStudioVersion = 10.0.40219.1
Project("{2150E333-8FDC-42A3-9474-1A3956D46DE8}") = "src", "src", "{F12D8245-20E5-4615-B6BB-3B8FEAFCA859}"
EndProject
Project("{2150E333-8FDC-42A3-9474-1A3956D46DE8}") = "Solution Items", "Solution Items", "{9B50775E-1C54-4D45-AC0F-CCC61445A0C2}"
	ProjectSection(SolutionItems) = preProject
		global.json = global.json
	EndProjectSection
EndProject
Project("{8BB2217D-0F2D-49D1-97BC-3654ED321F3B}") = "WebApplication1", "src\WebApplication1\WebApplication1.xproj", "{45624E06-24ED-4DF3-AE42-8B0882468645}"
EndProject
Project("{8BB2217D-0F2D-49D1-97BC-3654ED321F3B}") = "Data", "src\Data\Data.xproj", "{06AD753B-0978-4158-BB82-326DC0BB0234}"
EndProject
Global
	GlobalSection(SolutionConfigurationPlatforms) = preSolution
		Debug|Any CPU = Debug|Any CPU
		Release|Any CPU = Release|Any CPU
	EndGlobalSection
	GlobalSection(ProjectConfigurationPlatforms) = postSolution
		{45624E06-24ED-4DF3-AE42-8B0882468645}.Debug|Any CPU.ActiveCfg = Debug|Any CPU
		{45624E06-24ED-4DF3-AE42-8B0882468645}.Debug|Any CPU.Build.0 = Debug|Any CPU
		{45624E06-24ED-4DF3-AE42-8B0882468645}.Release|Any CPU.ActiveCfg = Release|Any CPU
		{45624E06-24ED-4DF3-AE42-8B0882468645}.Release|Any CPU.Build.0 = Release|Any CPU
		{06AD753B-0978-4158-BB82-326DC0BB0234}.Debug|Any CPU.ActiveCfg = Debug|Any CPU
		{06AD753B-0978-4158-BB82-326DC0BB0234}.Debug|Any CPU.Build.0 = Debug|Any CPU
		{06AD753B-0978-4158-BB82-326DC0BB0234}.Release|Any CPU.ActiveCfg = Release|Any CPU
		{06AD753B-0978-4158-BB82-326DC0BB0234}.Release|Any CPU.Build.0 = Release|Any CPU
	EndGlobalSection
	GlobalSection(SolutionProperties) = preSolution
		HideSolutionNode = FALSE
	EndGlobalSection
	GlobalSection(NestedProjects) = preSolution
		{45624E06-24ED-4DF3-AE42-8B0882468645} = {F12D8245-20E5-4615-B6BB-3B8FEAFCA859}
		{06AD753B-0978-4158-BB82-326DC0BB0234} = {F12D8245-20E5-4615-B6BB-3B8FEAFCA859}
	EndGlobalSection
EndGlobal
